
Microsoft Visual Studio Solution File, Format Version 12.00
# Visual Studio Version 17
VisualStudioVersion = 17.1.32210.238
MinimumVisualStudioVersion = 10.0.40219.1
Project("{9A19103F-16F7-4668-BE54-9A1E7A4F7556}") = "NewTalents", "NewTalents\NewTalents.csproj", "{70C663BD-D4E3-481C-9085-485DA42F7BF8}"
EndProject
Project("{FAE04EC0-301F-11D3-BF4B-00C04F79EFBC}") = "TestNewTalents", "TestNewTalents\TestNewTalents.csproj", "{650AA876-321A-4675-B434-0E2A92464653}"
EndProject
Global
	GlobalSection(SolutionConfigurationPlatforms) = preSolution
		Debug|Any CPU = Debug|Any CPU
		Release|Any CPU = Release|Any CPU
	EndGlobalSection
	GlobalSection(ProjectConfigurationPlatforms) = postSolution
		{70C663BD-D4E3-481C-9085-485DA42F7BF8}.Debug|Any CPU.ActiveCfg = Debug|Any CPU
		{70C663BD-D4E3-481C-9085-485DA42F7BF8}.Debug|Any CPU.Build.0 = Debug|Any CPU
		{70C663BD-D4E3-481C-9085-485DA42F7BF8}.Release|Any CPU.ActiveCfg = Release|Any CPU
		{70C663BD-D4E3-481C-9085-485DA42F7BF8}.Release|Any CPU.Build.0 = Release|Any CPU
		{650AA876-321A-4675-B434-0E2A92464653}.Debug|Any CPU.ActiveCfg = Debug|Any CPU
		{650AA876-321A-4675-B434-0E2A92464653}.Debug|Any CPU.Build.0 = Debug|Any CPU
		{650AA876-321A-4675-B434-0E2A92464653}.Release|Any CPU.ActiveCfg = Release|Any CPU
		{650AA876-321A-4675-B434-0E2A92464653}.Release|Any CPU.Build.0 = Release|Any CPU
	EndGlobalSection
	GlobalSection(SolutionProperties) = preSolution
		HideSolutionNode = FALSE
	EndGlobalSection
	GlobalSection(ExtensibilityGlobals) = postSolution
		SolutionGuid = {B96C3BC5-B988-4706-9A03-2A61986664A6}
	EndGlobalSection
EndGlobal
